PODS:
  - OOB (1.1.1):
    - OpenCV2 (~> 4.3.0)
  - OpenCV2 (4.3.0)

DEPENDENCIES:
  - OOB (from `../`)

SPEC REPOS:
  trunk:
    - OpenCV2

EXTERNAL SOURCES:
  OOB:
    :path: "../"

SPEC CHECKSUMS:
  OOB: 95194712935d4e1dfcb9d13f86fdcc65daa01577
  OpenCV2: ffe82e5cb5d16dc3fc01a5f4127b9a5b3cfc7d1b

PODFILE CHECKSUM: baf23f8bc55389ae80a27fd9cfa1d2112883cb61

COCOAPODS: 1.11.2
