PODS:
  - OOB (0.1.0):
    - OpenCV (~> 3.4.2)
  - OpenCV (3.4.2)

DEPENDENCIES:
  - OOB (from `../`)

SPEC REPOS:
  https://github.com/cocoapods/specs.git:
    - OpenCV

EXTERNAL SOURCES:
  OOB:
    :path: "../"

SPEC CHECKSUMS:
  OOB: 295fb0b6ac9af9b97149dd7538e7e2a710050b46
  OpenCV: 452909747854c92e0f59670961ed5131f5286cb5

PODFILE CHECKSUM: 3b838c9ad2f8bb5a6adef8b51f940e4be1b4e0bf

COCOAPODS: 1.6.0
