PODS:
  - OOB (1.1.0):
    - OpenCV2 (~> 4.1.0)
  - OpenCV2 (4.1.0)

DEPENDENCIES:
  - OOB (from `../`)
  - OpenCV2 (~> 4.1.0)

SPEC REPOS:
  https://github.com/CocoaPods/Specs.git:
    - OpenCV2

EXTERNAL SOURCES:
  OOB:
    :path: "../"

SPEC CHECKSUMS:
  OOB: 8e54986c013e88db00f435a3a0b45e8a833da01b
  OpenCV2: 13c3defa743793c87a4a2541b325509e878e5534

PODFILE CHECKSUM: 31a098ff0e3346ad571514b8dbf4017696015ae8

COCOAPODS: 1.8.1
