// !$*UTF8*$!
{
	archiveVersion = 1;
	classes = {
	};
	objectVersion = 50;
	objects = {

/* Begin PBXBuildFile section */
		102C6DE223F309AB5B56EA8F /* libPods-OOBDemo.a in Frameworks */ = {isa = PBXBuildFile; fileRef = 14407C368BF0742FA159241C /* libPods-OOBDemo.a */; };
		9CF9C6262230C31700158594 /* AppDelegate.m in Sources */ = {isa = PBXBuildFile; fileRef = 9CF9C6252230C31700158594 /* AppDelegate.m */; };
		9CF9C62E2230C31A00158594 /* Assets.xcassets in Resources */ = {isa = PBXBuildFile; fileRef = 9CF9C62D2230C31A00158594 /* Assets.xcassets */; };
		9CF9C6342230C31A00158594 /* main.m in Sources */ = {isa = PBXBuildFile; fileRef = 9CF9C6332230C31A00158594 /* main.m */; };
		9CF9C63F22312D3D00158594 /* MainVC.m in Sources */ = {isa = PBXBuildFile; fileRef = 9CF9C63D22312D3D00158594 /* MainVC.m */; };
		9CF9C648223141E800158594 /* OOBManager.mm in Sources */ = {isa = PBXBuildFile; fileRef = 9CF9C643223141E800158594 /* OOBManager.mm */; };
		9CF9C649223141E800158594 /* OOB.m in Sources */ = {isa = PBXBuildFile; fileRef = 9CF9C646223141E800158594 /* OOB.m */; };
/* End PBXBuildFile section */

/* Begin PBXFileReference section */
		14407C368BF0742FA159241C /* libPods-OOBDemo.a */ = {isa = PBXFileReference; explicitFileType = archive.ar; includeInIndex = 0; path = "libPods-OOBDemo.a"; sourceTree = BUILT_PRODUCTS_DIR; };
		8F0BD1418D05EF4571E7AD5F /* Pods-OOBDemo.debug.xcconfig */ = {isa = PBXFileReference; includeInIndex = 1; lastKnownFileType = text.xcconfig; name = "Pods-OOBDemo.debug.xcconfig"; path = "Target Support Files/Pods-OOBDemo/Pods-OOBDemo.debug.xcconfig"; sourceTree = "<group>"; };
		9CF9C6212230C31700158594 /* OOBDemo.app */ = {isa = PBXFileReference; explicitFileType = wrapper.application; includeInIndex = 0; path = OOBDemo.app; sourceTree = BUILT_PRODUCTS_DIR; };
		9CF9C6242230C31700158594 /* AppDelegate.h */ = {isa = PBXFileReference; lastKnownFileType = sourcecode.c.h; path = AppDelegate.h; sourceTree = "<group>"; };
		9CF9C6252230C31700158594 /* AppDelegate.m */ = {isa = PBXFileReference; lastKnownFileType = sourcecode.c.objc; path = AppDelegate.m; sourceTree = "<group>"; };
		9CF9C62D2230C31A00158594 /* Assets.xcassets */ = {isa = PBXFileReference; lastKnownFileType = folder.assetcatalog; path = Assets.xcassets; sourceTree = "<group>"; };
		9CF9C6322230C31A00158594 /* Info.plist */ = {isa = PBXFileReference; lastKnownFileType = text.plist.xml; path = Info.plist; sourceTree = "<group>"; };
		9CF9C6332230C31A00158594 /* main.m */ = {isa = PBXFileReference; lastKnownFileType = sourcecode.c.objc; path = main.m; sourceTree = "<group>"; };
		9CF9C63D22312D3D00158594 /* MainVC.m */ = {isa = PBXFileReference; fileEncoding = 4; lastKnownFileType = sourcecode.c.objc; path = MainVC.m; sourceTree = "<group>"; };
		9CF9C63E22312D3D00158594 /* MainVC.h */ = {isa = PBXFileReference; fileEncoding = 4; lastKnownFileType = sourcecode.c.h; path = MainVC.h; sourceTree = "<group>"; };
		9CF9C643223141E800158594 /* OOBManager.mm */ = {isa = PBXFileReference; fileEncoding = 4; lastKnownFileType = sourcecode.cpp.objcpp; path = OOBManager.mm; sourceTree = "<group>"; };
		9CF9C644223141E800158594 /* OOB.h */ = {isa = PBXFileReference; fileEncoding = 4; lastKnownFileType = sourcecode.c.h; path = OOB.h; sourceTree = "<group>"; };
		9CF9C645223141E800158594 /* OOBManager.h */ = {isa = PBXFileReference; fileEncoding = 4; lastKnownFileType = sourcecode.c.h; path = OOBManager.h; sourceTree = "<group>"; };
		9CF9C646223141E800158594 /* OOB.m */ = {isa = PBXFileReference; fileEncoding = 4; lastKnownFileType = sourcecode.c.objc; path = OOB.m; sourceTree = "<group>"; };
		9CF9C647223141E800158594 /* OOBDefine.h */ = {isa = PBXFileReference; fileEncoding = 4; lastKnownFileType = sourcecode.c.h; path = OOBDefine.h; sourceTree = "<group>"; };
		E45DAA042DE42911B77F9AE9 /* Pods-OOBDemo.release.xcconfig */ = {isa = PBXFileReference; includeInIndex = 1; lastKnownFileType = text.xcconfig; name = "Pods-OOBDemo.release.xcconfig"; path = "Target Support Files/Pods-OOBDemo/Pods-OOBDemo.release.xcconfig"; sourceTree = "<group>"; };
/* End PBXFileReference section */

/* Begin PBXFrameworksBuildPhase section */
		9CF9C61E2230C31700158594 /* Frameworks */ = {
			isa = PBXFrameworksBuildPhase;
			buildActionMask = 2147483647;
			files = (
				102C6DE223F309AB5B56EA8F /* libPods-OOBDemo.a in Frameworks */,
			);
			runOnlyForDeploymentPostprocessing = 0;
		};
/* End PBXFrameworksBuildPhase section */

/* Begin PBXGroup section */
		5A9164A859259C0A3822BEAE /* Pods */ = {
			isa = PBXGroup;
			children = (
				8F0BD1418D05EF4571E7AD5F /* Pods-OOBDemo.debug.xcconfig */,
				E45DAA042DE42911B77F9AE9 /* Pods-OOBDemo.release.xcconfig */,
			);
			path = Pods;
			sourceTree = "<group>";
		};
		9CF9C6182230C31700158594 = {
			isa = PBXGroup;
			children = (
				9CF9C6232230C31700158594 /* OOBDemo */,
				9CF9C6222230C31700158594 /* Products */,
				5A9164A859259C0A3822BEAE /* Pods */,
				F5D15E3DE65E62A6A297F950 /* Frameworks */,
			);
			sourceTree = "<group>";
		};
		9CF9C6222230C31700158594 /* Products */ = {
			isa = PBXGroup;
			children = (
				9CF9C6212230C31700158594 /* OOBDemo.app */,
			);
			name = Products;
			sourceTree = "<group>";
		};
		9CF9C6232230C31700158594 /* OOBDemo */ = {
			isa = PBXGroup;
			children = (
				9CF9C6242230C31700158594 /* AppDelegate.h */,
				9CF9C6252230C31700158594 /* AppDelegate.m */,
				9CF9C642223141E800158594 /* OOB */,
				9CF9C63E22312D3D00158594 /* MainVC.h */,
				9CF9C63D22312D3D00158594 /* MainVC.m */,
				9CF9C62D2230C31A00158594 /* Assets.xcassets */,
				9CF9C6322230C31A00158594 /* Info.plist */,
				9CF9C6332230C31A00158594 /* main.m */,
			);
			path = OOBDemo;
			sourceTree = "<group>";
		};
		9CF9C642223141E800158594 /* OOB */ = {
			isa = PBXGroup;
			children = (
				9CF9C644223141E800158594 /* OOB.h */,
				9CF9C646223141E800158594 /* OOB.m */,
				9CF9C647223141E800158594 /* OOBDefine.h */,
				9CF9C645223141E800158594 /* OOBManager.h */,
				9CF9C643223141E800158594 /* OOBManager.mm */,
			);
			name = OOB;
			path = ../../OOB;
			sourceTree = "<group>";
		};
		F5D15E3DE65E62A6A297F950 /* Frameworks */ = {
			isa = PBXGroup;
			children = (
				14407C368BF0742FA159241C /* libPods-OOBDemo.a */,
			);
			name = Frameworks;
			sourceTree = "<group>";
		};
/* End PBXGroup section */

/* Begin PBXNativeTarget section */
		9CF9C6202230C31700158594 /* OOBDemo */ = {
			isa = PBXNativeTarget;
			buildConfigurationList = 9CF9C6372230C31A00158594 /* Build configuration list for PBXNativeTarget "OOBDemo" */;
			buildPhases = (
				7113A057141A228D6038E6AF /* [CP] Check Pods Manifest.lock */,
				9CF9C61D2230C31700158594 /* Sources */,
				9CF9C61E2230C31700158594 /* Frameworks */,
				9CF9C61F2230C31700158594 /* Resources */,
			);
			buildRules = (
			);
			dependencies = (
			);
			name = OOBDemo;
			productName = OOBDemo;
			productReference = 9CF9C6212230C31700158594 /* OOBDemo.app */;
			productType = "com.apple.product-type.application";
		};
/* End PBXNativeTarget section */

/* Begin PBXProject section */
		9CF9C6192230C31700158594 /* Project object */ = {
			isa = PBXProject;
			attributes = {
				LastUpgradeCheck = 1010;
				ORGANIZATIONNAME = lifei;
				TargetAttributes = {
					9CF9C6202230C31700158594 = {
						CreatedOnToolsVersion = 10.1;
					};
				};
			};
			buildConfigurationList = 9CF9C61C2230C31700158594 /* Build configuration list for PBXProject "OOBDemo" */;
			compatibilityVersion = "Xcode 9.3";
			developmentRegion = en;
			hasScannedForEncodings = 0;
			knownRegions = (
				en,
				Base,
			);
			mainGroup = 9CF9C6182230C31700158594;
			productRefGroup = 9CF9C6222230C31700158594 /* Products */;
			projectDirPath = "";
			projectRoot = "";
			targets = (
				9CF9C6202230C31700158594 /* OOBDemo */,
			);
		};
/* End PBXProject section */

/* Begin PBXResourcesBuildPhase section */
		9CF9C61F2230C31700158594 /* Resources */ = {
			isa = PBXResourcesBuildPhase;
			buildActionMask = 2147483647;
			files = (
				9CF9C62E2230C31A00158594 /* Assets.xcassets in Resources */,
			);
			runOnlyForDeploymentPostprocessing = 0;
		};
/* End PBXResourcesBuildPhase section */

/* Begin PBXShellScriptBuildPhase section */
		7113A057141A228D6038E6AF /* [CP] Check Pods Manifest.lock */ = {
			isa = PBXShellScriptBuildPhase;
			buildActionMask = 2147483647;
			files = (
			);
			inputFileListPaths = (
			);
			inputPaths = (
				"${PODS_PODFILE_DIR_PATH}/Podfile.lock",
				"${PODS_ROOT}/Manifest.lock",
			);
			name = "[CP] Check Pods Manifest.lock";
			outputFileListPaths = (
			);
			outputPaths = (
				"$(DERIVED_FILE_DIR)/Pods-OOBDemo-checkManifestLockResult.txt",
			);
			runOnlyForDeploymentPostprocessing = 0;
			shellPath = /bin/sh;
			shellScript = "diff \"${PODS_PODFILE_DIR_PATH}/Podfile.lock\" \"${PODS_ROOT}/Manifest.lock\" > /dev/null\nif [ $? != 0 ] ; then\n    # print error to STDERR\n    echo \"error: The sandbox is not in sync with the Podfile.lock. Run 'pod install' or update your CocoaPods installation.\" >&2\n    exit 1\nfi\n# This output is used by Xcode 'outputs' to avoid re-running this script phase.\necho \"SUCCESS\" > \"${SCRIPT_OUTPUT_FILE_0}\"\n";
			showEnvVarsInLog = 0;
		};
/* End PBXShellScriptBuildPhase section */

/* Begin PBXSourcesBuildPhase section */
		9CF9C61D2230C31700158594 /* Sources */ = {
			isa = PBXSourcesBuildPhase;
			buildActionMask = 2147483647;
			files = (
				9CF9C648223141E800158594 /* OOBManager.mm in Sources */,
				9CF9C63F22312D3D00158594 /* MainVC.m in Sources */,
				9CF9C6342230C31A00158594 /* main.m in Sources */,
				9CF9C649223141E800158594 /* OOB.m in Sources */,
				9CF9C6262230C31700158594 /* AppDelegate.m in Sources */,
			);
			runOnlyForDeploymentPostprocessing = 0;
		};
/* End PBXSourcesBuildPhase section */

/* Begin XCBuildConfiguration section */
		9CF9C6352230C31A00158594 /* Debug */ = {
			isa = XCBuildConfiguration;
			buildSettings = {
				ALWAYS_SEARCH_USER_PATHS = NO;
				CLANG_ANALYZER_NONNULL = YES;
				CLANG_ANALYZER_NUMBER_OBJECT_CONVERSION = YES_AGGRESSIVE;
				CLANG_CXX_LANGUAGE_STANDARD = "gnu++14";
				CLANG_CXX_LIBRARY = "libc++";
				CLANG_ENABLE_MODULES = YES;
				CLANG_ENABLE_OBJC_ARC = YES;
				CLANG_ENABLE_OBJC_WEAK = YES;
				CLANG_WARN_BLOCK_CAPTURE_AUTORELEASING = YES;
				CLANG_WARN_BOOL_CONVERSION = YES;
				CLANG_WARN_COMMA = YES;
				CLANG_WARN_CONSTANT_CONVERSION = YES;
				CLANG_WARN_DEPRECATED_OBJC_IMPLEMENTATIONS = YES;
				CLANG_WARN_DIRECT_OBJC_ISA_USAGE = YES_ERROR;
				CLANG_WARN_DOCUMENTATION_COMMENTS = YES;
				CLANG_WARN_EMPTY_BODY = YES;
				CLANG_WARN_ENUM_CONVERSION = YES;
				CLANG_WARN_INFINITE_RECURSION = YES;
				CLANG_WARN_INT_CONVERSION = YES;
				CLANG_WARN_NON_LITERAL_NULL_CONVERSION = YES;
				CLANG_WARN_OBJC_IMPLICIT_RETAIN_SELF = YES;
				CLANG_WARN_OBJC_LITERAL_CONVERSION = YES;
				CLANG_WARN_OBJC_ROOT_CLASS = YES_ERROR;
				CLANG_WARN_RANGE_LOOP_ANALYSIS = YES;
				CLANG_WARN_STRICT_PROTOTYPES = YES;
				CLANG_WARN_SUSPICIOUS_MOVE = YES;
				CLANG_WARN_UNGUARDED_AVAILABILITY = YES_AGGRESSIVE;
				CLANG_WARN_UNREACHABLE_CODE = YES;
				CLANG_WARN__DUPLICATE_METHOD_MATCH = YES;
				CODE_SIGN_IDENTITY = "iPhone Developer";
				COPY_PHASE_STRIP = NO;
				DEBUG_INFORMATION_FORMAT = dwarf;
				ENABLE_STRICT_OBJC_MSGSEND = YES;
				ENABLE_TESTABILITY = YES;
				GCC_C_LANGUAGE_STANDARD = gnu11;
				GCC_DYNAMIC_NO_PIC = NO;
				GCC_NO_COMMON_BLOCKS = YES;
				GCC_OPTIMIZATION_LEVEL = 0;
				GCC_PREPROCESSOR_DEFINITIONS = (
					"DEBUG=1",
					"$(inherited)",
				);
				GCC_WARN_64_TO_32_BIT_CONVERSION = YES;
				GCC_WARN_ABOUT_RETURN_TYPE = YES_ERROR;
				GCC_WARN_UNDECLARED_SELECTOR = YES;
				GCC_WARN_UNINITIALIZED_AUTOS = YES_AGGRESSIVE;
				GCC_WARN_UNUSED_FUNCTION = YES;
				GCC_WARN_UNUSED_VARIABLE = YES;
				IPHONEOS_DEPLOYMENT_TARGET = 12.1;
				MTL_ENABLE_DEBUG_INFO = INCLUDE_SOURCE;
				MTL_FAST_MATH = YES;
				ONLY_ACTIVE_ARCH = YES;
				SDKROOT = iphoneos;
			};
			name = Debug;
		};
		9CF9C6362230C31A00158594 /* Release */ = {
			isa = XCBuildConfiguration;
			buildSettings = {
				ALWAYS_SEARCH_USER_PATHS = NO;
				CLANG_ANALYZER_NONNULL = YES;
				CLANG_ANALYZER_NUMBER_OBJECT_CONVERSION = YES_AGGRESSIVE;
				CLANG_CXX_LANGUAGE_STANDARD = "gnu++14";
				CLANG_CXX_LIBRARY = "libc++";
				CLANG_ENABLE_MODULES = YES;
				CLANG_ENABLE_OBJC_ARC = YES;
				CLANG_ENABLE_OBJC_WEAK = YES;
				CLANG_WARN_BLOCK_CAPTURE_AUTORELEASING = YES;
				CLANG_WARN_BOOL_CONVERSION = YES;
				CLANG_WARN_COMMA = YES;
				CLANG_WARN_CONSTANT_CONVERSION = YES;
				CLANG_WARN_DEPRECATED_OBJC_IMPLEMENTATIONS = YES;
				CLANG_WARN_DIRECT_OBJC_ISA_USAGE = YES_ERROR;
				CLANG_WARN_DOCUMENTATION_COMMENTS = YES;
				CLANG_WARN_EMPTY_BODY = YES;
				CLANG_WARN_ENUM_CONVERSION = YES;
				CLANG_WARN_INFINITE_RECURSION = YES;
				CLANG_WARN_INT_CONVERSION = YES;
				CLANG_WARN_NON_LITERAL_NULL_CONVERSION = YES;
				CLANG_WARN_OBJC_IMPLICIT_RETAIN_SELF = YES;
				CLANG_WARN_OBJC_LITERAL_CONVERSION = YES;
				CLANG_WARN_OBJC_ROOT_CLASS = YES_ERROR;
				CLANG_WARN_RANGE_LOOP_ANALYSIS = YES;
				CLANG_WARN_STRICT_PROTOTYPES = YES;
				CLANG_WARN_SUSPICIOUS_MOVE = YES;
				CLANG_WARN_UNGUARDED_AVAILABILITY = YES_AGGRESSIVE;
				CLANG_WARN_UNREACHABLE_CODE = YES;
				CLANG_WARN__DUPLICATE_METHOD_MATCH = YES;
				CODE_SIGN_IDENTITY = "iPhone Developer";
				COPY_PHASE_STRIP = NO;
				DEBUG_INFORMATION_FORMAT = "dwarf-with-dsym";
				ENABLE_NS_ASSERTIONS = NO;
				ENABLE_STRICT_OBJC_MSGSEND = YES;
				GCC_C_LANGUAGE_STANDARD = gnu11;
				GCC_NO_COMMON_BLOCKS = YES;
				GCC_WARN_64_TO_32_BIT_CONVERSION = YES;
				GCC_WARN_ABOUT_RETURN_TYPE = YES_ERROR;
				GCC_WARN_UNDECLARED_SELECTOR = YES;
				GCC_WARN_UNINITIALIZED_AUTOS = YES_AGGRESSIVE;
				GCC_WARN_UNUSED_FUNCTION = YES;
				GCC_WARN_UNUSED_VARIABLE = YES;
				IPHONEOS_DEPLOYMENT_TARGET = 12.1;
				MTL_ENABLE_DEBUG_INFO = NO;
				MTL_FAST_MATH = YES;
				SDKROOT = iphoneos;
				VALIDATE_PRODUCT = YES;
			};
			name = Release;
		};
		9CF9C6382230C31A00158594 /* Debug */ = {
			isa = XCBuildConfiguration;
			baseConfigurationReference = 8F0BD1418D05EF4571E7AD5F /* Pods-OOBDemo.debug.xcconfig */;
			buildSettings = {
				ASSETCATALOG_COMPILER_APPICON_NAME = AppIcon;
				ASSETCATALOG_COMPILER_LAUNCHIMAGE_NAME = LaunchImage;
				CODE_SIGN_STYLE = Manual;
				DEVELOPMENT_TEAM = 5876MU3PLA;
				INFOPLIST_FILE = OOBDemo/Info.plist;
				IPHONEOS_DEPLOYMENT_TARGET = 8.0;
				LD_RUNPATH_SEARCH_PATHS = (
					"$(inherited)",
					"@executable_path/Frameworks",
				);
				PRODUCT_BUNDLE_IDENTIFIER = com.jdr.OOBDemo;
				PRODUCT_NAME = "$(TARGET_NAME)";
				PROVISIONING_PROFILE_SPECIFIER = CEBTest_jdr_dev_181121;
				TARGETED_DEVICE_FAMILY = "1,2";
			};
			name = Debug;
		};
		9CF9C6392230C31A00158594 /* Release */ = {
			isa = XCBuildConfiguration;
			baseConfigurationReference = E45DAA042DE42911B77F9AE9 /* Pods-OOBDemo.release.xcconfig */;
			buildSettings = {
				ASSETCATALOG_COMPILER_APPICON_NAME = AppIcon;
				ASSETCATALOG_COMPILER_LAUNCHIMAGE_NAME = LaunchImage;
				CODE_SIGN_STYLE = Manual;
				DEVELOPMENT_TEAM = 5876MU3PLA;
				INFOPLIST_FILE = OOBDemo/Info.plist;
				IPHONEOS_DEPLOYMENT_TARGET = 8.0;
				LD_RUNPATH_SEARCH_PATHS = (
					"$(inherited)",
					"@executable_path/Frameworks",
				);
				PRODUCT_BUNDLE_IDENTIFIER = com.jdr.OOBDemo;
				PRODUCT_NAME = "$(TARGET_NAME)";
				PROVISIONING_PROFILE_SPECIFIER = CEBTest_jdr_dev_181121;
				TARGETED_DEVICE_FAMILY = "1,2";
			};
			name = Release;
		};
/* End XCBuildConfiguration section */

/* Begin XCConfigurationList section */
		9CF9C61C2230C31700158594 /* Build configuration list for PBXProject "OOBDemo" */ = {
			isa = XCConfigurationList;
			buildConfigurations = (
				9CF9C6352230C31A00158594 /* Debug */,
				9CF9C6362230C31A00158594 /* Release */,
			);
			defaultConfigurationIsVisible = 0;
			defaultConfigurationName = Release;
		};
		9CF9C6372230C31A00158594 /* Build configuration list for PBXNativeTarget "OOBDemo" */ = {
			isa = XCConfigurationList;
			buildConfigurations = (
				9CF9C6382230C31A00158594 /* Debug */,
				9CF9C6392230C31A00158594 /* Release */,
			);
			defaultConfigurationIsVisible = 0;
			defaultConfigurationName = Release;
		};
/* End XCConfigurationList section */
	};
	rootObject = 9CF9C6192230C31700158594 /* Project object */;
}
